uuid: ee2b2f0a-5cd3-4ef6-820c-3793d2bf3dbe
langcode: en
status: true
dependencies:
  config:
    - views.view.contact_persons
  module:
    - system
    - views
  theme:
    - consulo_theme
id: contact_persons_block
theme: consulo_theme
region: content
weight: -1
provider: null
plugin: 'views_block:contact_persons-contact_persons_block'
settings:
  id: 'views_block:contact_persons-contact_persons_block'
  label: ''
  provider: views
  label_display: visible
  views_label: ''
  items_per_page: none
visibility:
  request_path:
    id: request_path
    pages: /node/18
    negate: false
    context_mapping: {  }
